// !$*UTF8*$!
{
	archiveVersion = 1;
	classes = {
	};
	objectVersion = 46;
	objects = {

/* Begin PBXBuildFile section */
		EEB96D0B1CC8754800A7D803 /* main.m in Sources */ = {isa = PBXBuildFile; fileRef = EEB96D0A1CC8754800A7D803 /* main.m */; };
		EEB96D0E1CC8754800A7D803 /* AppDelegate.m in Sources */ = {isa = PBXBuildFile; fileRef = EEB96D0D1CC8754800A7D803 /* AppDelegate.m */; };
		EEB96D161CC8754800A7D803 /* Assets.xcassets in Resources */ = {isa = PBXBuildFile; fileRef = EEB96D151CC8754800A7D803 /* Assets.xcassets */; };
		EEB96D251CC8788700A7D803 /* ScanQRCodeViewController.m in Sources */ = {isa = PBXBuildFile; fileRef = EEB96D241CC8788700A7D803 /* ScanQRCodeViewController.m */; };
		EEB96D271CC87A1600A7D803 /* LaunchScreen.storyboard in Resources */ = {isa = PBXBuildFile; fileRef = EEB96D261CC87A1600A7D803 /* LaunchScreen.storyboard */; };
		EEB96D2A1CC87AB900A7D803 /* HomeViewController.m in Sources */ = {isa = PBXBuildFile; fileRef = EEB96D291CC87AB900A7D803 /* HomeViewController.m */; };
		EEB96D2C1CC8871C00A7D803 /* AVFoundation.framework in Frameworks */ = {isa = PBXBuildFile; fileRef = EEB96D2B1CC8871C00A7D803 /* AVFoundation.framework */; };
		EEB96D311CC8A7AC00A7D803 /* ScanQRCodeView.m in Sources */ = {isa = PBXBuildFile; fileRef = EEB96D301CC8A7AC00A7D803 /* ScanQRCodeView.m */; };
		EEB96D341CC8B62900A7D803 /* ScanQRCodeManager.m in Sources */ = {isa = PBXBuildFile; fileRef = EEB96D331CC8B62900A7D803 /* ScanQRCodeManager.m */; };
/* End PBXBuildFile section */

/* Begin PBXFileReference section */
		EEB96D061CC8754800A7D803 /* CWScanQRCode.app */ = {isa = PBXFileReference; explicitFileType = wrapper.application; includeInIndex = 0; path = CWScanQRCode.app; sourceTree = BUILT_PRODUCTS_DIR; };
		EEB96D0A1CC8754800A7D803 /* main.m */ = {isa = PBXFileReference; lastKnownFileType = sourcecode.c.objc; path = main.m; sourceTree = "<group>"; };
		EEB96D0C1CC8754800A7D803 /* AppDelegate.h */ = {isa = PBXFileReference; lastKnownFileType = sourcecode.c.h; path = AppDelegate.h; sourceTree = "<group>"; };
		EEB96D0D1CC8754800A7D803 /* AppDelegate.m */ = {isa = PBXFileReference; lastKnownFileType = sourcecode.c.objc; path = AppDelegate.m; sourceTree = "<group>"; };
		EEB96D151CC8754800A7D803 /* Assets.xcassets */ = {isa = PBXFileReference; lastKnownFileType = folder.assetcatalog; path = Assets.xcassets; sourceTree = "<group>"; };
		EEB96D1A1CC8754800A7D803 /* Info.plist */ = {isa = PBXFileReference; lastKnownFileType = text.plist.xml; path = Info.plist; sourceTree = "<group>"; };
		EEB96D201CC876B500A7D803 /* Defines.h */ = {isa = PBXFileReference; lastKnownFileType = sourcecode.c.h; path = Defines.h; sourceTree = "<group>"; };
		EEB96D211CC876DE00A7D803 /* CWScanQRCode.pch */ = {isa = PBXFileReference; lastKnownFileType = sourcecode.c.h; path = CWScanQRCode.pch; sourceTree = "<group>"; };
		EEB96D231CC8788700A7D803 /* ScanQRCodeViewController.h */ = {isa = PBXFileReference; fileEncoding = 4; lastKnownFileType = sourcecode.c.h; path = ScanQRCodeViewController.h; sourceTree = "<group>"; };
		EEB96D241CC8788700A7D803 /* ScanQRCodeViewController.m */ = {isa = PBXFileReference; fileEncoding = 4; lastKnownFileType = sourcecode.c.objc; path = ScanQRCodeViewController.m; sourceTree = "<group>"; };
		EEB96D261CC87A1600A7D803 /* LaunchScreen.storyboard */ = {isa = PBXFileReference; fileEncoding = 4; lastKnownFileType = file.storyboard; path = LaunchScreen.storyboard; sourceTree = "<group>"; };
		EEB96D281CC87AB900A7D803 /* HomeViewController.h */ = {isa = PBXFileReference; fileEncoding = 4; lastKnownFileType = sourcecode.c.h; path = HomeViewController.h; sourceTree = "<group>"; };
		EEB96D291CC87AB900A7D803 /* HomeViewController.m */ = {isa = PBXFileReference; fileEncoding = 4; lastKnownFileType = sourcecode.c.objc; path = HomeViewController.m; sourceTree = "<group>"; };
		EEB96D2B1CC8871C00A7D803 /* AVFoundation.framework */ = {isa = PBXFileReference; lastKnownFileType = wrapper.framework; name = AVFoundation.framework; path = System/Library/Frameworks/AVFoundation.framework; sourceTree = SDKROOT; };
		EEB96D2F1CC8A7AC00A7D803 /* ScanQRCodeView.h */ = {isa = PBXFileReference; fileEncoding = 4; lastKnownFileType = sourcecode.c.h; path = ScanQRCodeView.h; sourceTree = "<group>"; };
		EEB96D301CC8A7AC00A7D803 /* ScanQRCodeView.m */ = {isa = PBXFileReference; fileEncoding = 4; lastKnownFileType = sourcecode.c.objc; path = ScanQRCodeView.m; sourceTree = "<group>"; };
		EEB96D321CC8B62900A7D803 /* ScanQRCodeManager.h */ = {isa = PBXFileReference; fileEncoding = 4; lastKnownFileType = sourcecode.c.h; path = ScanQRCodeManager.h; sourceTree = "<group>"; };
		EEB96D331CC8B62900A7D803 /* ScanQRCodeManager.m */ = {isa = PBXFileReference; fileEncoding = 4; lastKnownFileType = sourcecode.c.objc; path = ScanQRCodeManager.m; sourceTree = "<group>"; };
/* End PBXFileReference section */

/* Begin PBXFrameworksBuildPhase section */
		EEB96D031CC8754800A7D803 /* Frameworks */ = {
			isa = PBXFrameworksBuildPhase;
			buildActionMask = 2147483647;
			files = (
				EEB96D2C1CC8871C00A7D803 /* AVFoundation.framework in Frameworks */,
			);
			runOnlyForDeploymentPostprocessing = 0;
		};
/* End PBXFrameworksBuildPhase section */

/* Begin PBXGroup section */
		EEB96CFD1CC8754800A7D803 = {
			isa = PBXGroup;
			children = (
				EEB96D2E1CC8A78B00A7D803 /* ScanQRCodeLayout */,
				EEB96D221CC8784F00A7D803 /* Controllers */,
				EEB96D2D1CC8873800A7D803 /* Framework */,
				EEB96D081CC8754800A7D803 /* CWScanQRCode */,
				EEB96D071CC8754800A7D803 /* Products */,
			);
			sourceTree = "<group>";
		};
		EEB96D071CC8754800A7D803 /* Products */ = {
			isa = PBXGroup;
			children = (
				EEB96D061CC8754800A7D803 /* CWScanQRCode.app */,
			);
			name = Products;
			sourceTree = "<group>";
		};
		EEB96D081CC8754800A7D803 /* CWScanQRCode */ = {
			isa = PBXGroup;
			children = (
				EEB96D0C1CC8754800A7D803 /* AppDelegate.h */,
				EEB96D0D1CC8754800A7D803 /* AppDelegate.m */,
				EEB96D261CC87A1600A7D803 /* LaunchScreen.storyboard */,
				EEB96D151CC8754800A7D803 /* Assets.xcassets */,
				EEB96D1A1CC8754800A7D803 /* Info.plist */,
				EEB96D091CC8754800A7D803 /* Supporting Files */,
			);
			path = CWScanQRCode;
			sourceTree = "<group>";
		};
		EEB96D091CC8754800A7D803 /* Supporting Files */ = {
			isa = PBXGroup;
			children = (
				EEB96D211CC876DE00A7D803 /* CWScanQRCode.pch */,
				EEB96D201CC876B500A7D803 /* Defines.h */,
				EEB96D0A1CC8754800A7D803 /* main.m */,
			);
			name = "Supporting Files";
			sourceTree = "<group>";
		};
		EEB96D221CC8784F00A7D803 /* Controllers */ = {
			isa = PBXGroup;
			children = (
				EEB96D231CC8788700A7D803 /* ScanQRCodeViewController.h */,
				EEB96D241CC8788700A7D803 /* ScanQRCodeViewController.m */,
				EEB96D281CC87AB900A7D803 /* HomeViewController.h */,
				EEB96D291CC87AB900A7D803 /* HomeViewController.m */,
			);
			path = Controllers;
			sourceTree = "<group>";
		};
		EEB96D2D1CC8873800A7D803 /* Framework */ = {
			isa = PBXGroup;
			children = (
				EEB96D2B1CC8871C00A7D803 /* AVFoundation.framework */,
			);
			path = Framework;
			sourceTree = "<group>";
		};
		EEB96D2E1CC8A78B00A7D803 /* ScanQRCodeLayout */ = {
			isa = PBXGroup;
			children = (
				EEB96D2F1CC8A7AC00A7D803 /* ScanQRCodeView.h */,
				EEB96D301CC8A7AC00A7D803 /* ScanQRCodeView.m */,
				EEB96D321CC8B62900A7D803 /* ScanQRCodeManager.h */,
				EEB96D331CC8B62900A7D803 /* ScanQRCodeManager.m */,
			);
			path = ScanQRCodeLayout;
			sourceTree = "<group>";
		};
/* End PBXGroup section */

/* Begin PBXNativeTarget section */
		EEB96D051CC8754800A7D803 /* CWScanQRCode */ = {
			isa = PBXNativeTarget;
			buildConfigurationList = EEB96D1D1CC8754800A7D803 /* Build configuration list for PBXNativeTarget "CWScanQRCode" */;
			buildPhases = (
				EEB96D021CC8754800A7D803 /* Sources */,
				EEB96D031CC8754800A7D803 /* Frameworks */,
				EEB96D041CC8754800A7D803 /* Resources */,
			);
			buildRules = (
			);
			dependencies = (
			);
			name = CWScanQRCode;
			productName = CWScanQRCode;
			productReference = EEB96D061CC8754800A7D803 /* CWScanQRCode.app */;
			productType = "com.apple.product-type.application";
		};
/* End PBXNativeTarget section */

/* Begin PBXProject section */
		EEB96CFE1CC8754800A7D803 /* Project object */ = {
			isa = PBXProject;
			attributes = {
				LastUpgradeCheck = 0720;
				ORGANIZATIONNAME = "陆尘风";
				TargetAttributes = {
					EEB96D051CC8754800A7D803 = {
						CreatedOnToolsVersion = 7.2.1;
					};
				};
			};
			buildConfigurationList = EEB96D011CC8754800A7D803 /* Build configuration list for PBXProject "CWScanQRCode" */;
			compatibilityVersion = "Xcode 3.2";
			developmentRegion = English;
			hasScannedForEncodings = 0;
			knownRegions = (
				en,
				Base,
			);
			mainGroup = EEB96CFD1CC8754800A7D803;
			productRefGroup = EEB96D071CC8754800A7D803 /* Products */;
			projectDirPath = "";
			projectRoot = "";
			targets = (
				EEB96D051CC8754800A7D803 /* CWScanQRCode */,
			);
		};
/* End PBXProject section */

/* Begin PBXResourcesBuildPhase section */
		EEB96D041CC8754800A7D803 /* Resources */ = {
			isa = PBXResourcesBuildPhase;
			buildActionMask = 2147483647;
			files = (
				EEB96D161CC8754800A7D803 /* Assets.xcassets in Resources */,
				EEB96D271CC87A1600A7D803 /* LaunchScreen.storyboard in Resources */,
			);
			runOnlyForDeploymentPostprocessing = 0;
		};
/* End PBXResourcesBuildPhase section */

/* Begin PBXSourcesBuildPhase section */
		EEB96D021CC8754800A7D803 /* Sources */ = {
			isa = PBXSourcesBuildPhase;
			buildActionMask = 2147483647;
			files = (
				EEB96D311CC8A7AC00A7D803 /* ScanQRCodeView.m in Sources */,
				EEB96D0E1CC8754800A7D803 /* AppDelegate.m in Sources */,
				EEB96D0B1CC8754800A7D803 /* main.m in Sources */,
				EEB96D251CC8788700A7D803 /* ScanQRCodeViewController.m in Sources */,
				EEB96D341CC8B62900A7D803 /* ScanQRCodeManager.m in Sources */,
				EEB96D2A1CC87AB900A7D803 /* HomeViewController.m in Sources */,
			);
			runOnlyForDeploymentPostprocessing = 0;
		};
/* End PBXSourcesBuildPhase section */

/* Begin XCBuildConfiguration section */
		EEB96D1B1CC8754800A7D803 /* Debug */ = {
			isa = XCBuildConfiguration;
			buildSettings = {
				ALWAYS_SEARCH_USER_PATHS = NO;
				CLANG_CXX_LANGUAGE_STANDARD = "gnu++0x";
				CLANG_CXX_LIBRARY = "libc++";
				CLANG_ENABLE_MODULES = YES;
				CLANG_ENABLE_OBJC_ARC = YES;
				CLANG_WARN_BOOL_CONVERSION = YES;
				CLANG_WARN_CONSTANT_CONVERSION = YES;
				CLANG_WARN_DIRECT_OBJC_ISA_USAGE = YES_ERROR;
				CLANG_WARN_EMPTY_BODY = YES;
				CLANG_WARN_ENUM_CONVERSION = YES;
				CLANG_WARN_INT_CONVERSION = YES;
				CLANG_WARN_OBJC_ROOT_CLASS = YES_ERROR;
				CLANG_WARN_UNREACHABLE_CODE = YES;
				CLANG_WARN__DUPLICATE_METHOD_MATCH = YES;
				"CODE_SIGN_IDENTITY[sdk=iphoneos*]" = "iPhone Developer";
				COPY_PHASE_STRIP = NO;
				DEBUG_INFORMATION_FORMAT = dwarf;
				ENABLE_STRICT_OBJC_MSGSEND = YES;
				ENABLE_TESTABILITY = YES;
				GCC_C_LANGUAGE_STANDARD = gnu99;
				GCC_DYNAMIC_NO_PIC = NO;
				GCC_NO_COMMON_BLOCKS = YES;
				GCC_OPTIMIZATION_LEVEL = 0;
				GCC_PREPROCESSOR_DEFINITIONS = (
					"DEBUG=1",
					"$(inherited)",
				);
				GCC_WARN_64_TO_32_BIT_CONVERSION = YES;
				GCC_WARN_ABOUT_RETURN_TYPE = YES_ERROR;
				GCC_WARN_UNDECLARED_SELECTOR = YES;
				GCC_WARN_UNINITIALIZED_AUTOS = YES_AGGRESSIVE;
				GCC_WARN_UNUSED_FUNCTION = YES;
				GCC_WARN_UNUSED_VARIABLE = YES;
				IPHONEOS_DEPLOYMENT_TARGET = 9.2;
				MTL_ENABLE_DEBUG_INFO = YES;
				ONLY_ACTIVE_ARCH = YES;
				SDKROOT = iphoneos;
			};
			name = Debug;
		};
		EEB96D1C1CC8754800A7D803 /* Release */ = {
			isa = XCBuildConfiguration;
			buildSettings = {
				ALWAYS_SEARCH_USER_PATHS = NO;
				CLANG_CXX_LANGUAGE_STANDARD = "gnu++0x";
				CLANG_CXX_LIBRARY = "libc++";
				CLANG_ENABLE_MODULES = YES;
				CLANG_ENABLE_OBJC_ARC = YES;
				CLANG_WARN_BOOL_CONVERSION = YES;
				CLANG_WARN_CONSTANT_CONVERSION = YES;
				CLANG_WARN_DIRECT_OBJC_ISA_USAGE = YES_ERROR;
				CLANG_WARN_EMPTY_BODY = YES;
				CLANG_WARN_ENUM_CONVERSION = YES;
				CLANG_WARN_INT_CONVERSION = YES;
				CLANG_WARN_OBJC_ROOT_CLASS = YES_ERROR;
				CLANG_WARN_UNREACHABLE_CODE = YES;
				CLANG_WARN__DUPLICATE_METHOD_MATCH = YES;
				"CODE_SIGN_IDENTITY[sdk=iphoneos*]" = "iPhone Developer";
				COPY_PHASE_STRIP = NO;
				DEBUG_INFORMATION_FORMAT = "dwarf-with-dsym";
				ENABLE_NS_ASSERTIONS = NO;
				ENABLE_STRICT_OBJC_MSGSEND = YES;
				GCC_C_LANGUAGE_STANDARD = gnu99;
				GCC_NO_COMMON_BLOCKS = YES;
				GCC_WARN_64_TO_32_BIT_CONVERSION = YES;
				GCC_WARN_ABOUT_RETURN_TYPE = YES_ERROR;
				GCC_WARN_UNDECLARED_SELECTOR = YES;
				GCC_WARN_UNINITIALIZED_AUTOS = YES_AGGRESSIVE;
				GCC_WARN_UNUSED_FUNCTION = YES;
				GCC_WARN_UNUSED_VARIABLE = YES;
				IPHONEOS_DEPLOYMENT_TARGET = 9.2;
				MTL_ENABLE_DEBUG_INFO = NO;
				SDKROOT = iphoneos;
				VALIDATE_PRODUCT = YES;
			};
			name = Release;
		};
		EEB96D1E1CC8754800A7D803 /* Debug */ = {
			isa = XCBuildConfiguration;
			buildSettings = {
				ASSETCATALOG_COMPILER_APPICON_NAME = AppIcon;
				CODE_SIGN_IDENTITY = "iPhone Developer: 忠 文 (ZLP9655BJQ)";
				"CODE_SIGN_IDENTITY[sdk=iphoneos*]" = "iPhone Developer: 忠 文 (ZLP9655BJQ)";
				GCC_PREFIX_HEADER = "$(SRCROOT)/CWScanQRCode/CWScanQRCode.pch";
				INFOPLIST_FILE = CWScanQRCode/Info.plist;
				IPHONEOS_DEPLOYMENT_TARGET = 7.0;
				LD_RUNPATH_SEARCH_PATHS = "$(inherited) @executable_path/Frameworks";
				PRODUCT_BUNDLE_IDENTIFIER = com.newzone.CWScanQRCode;
				PRODUCT_NAME = "$(TARGET_NAME)";
			};
			name = Debug;
		};
		EEB96D1F1CC8754800A7D803 /* Release */ = {
			isa = XCBuildConfiguration;
			buildSettings = {
				ASSETCATALOG_COMPILER_APPICON_NAME = AppIcon;
				GCC_PREFIX_HEADER = "$(SRCROOT)/CWScanQRCode/CWScanQRCode.pch";
				INFOPLIST_FILE = CWScanQRCode/Info.plist;
				IPHONEOS_DEPLOYMENT_TARGET = 7.0;
				LD_RUNPATH_SEARCH_PATHS = "$(inherited) @executable_path/Frameworks";
				PRODUCT_BUNDLE_IDENTIFIER = com.newzone.CWScanQRCode;
				PRODUCT_NAME = "$(TARGET_NAME)";
			};
			name = Release;
		};
/* End XCBuildConfiguration section */

/* Begin XCConfigurationList section */
		EEB96D011CC8754800A7D803 /* Build configuration list for PBXProject "CWScanQRCode" */ = {
			isa = XCConfigurationList;
			buildConfigurations = (
				EEB96D1B1CC8754800A7D803 /* Debug */,
				EEB96D1C1CC8754800A7D803 /* Release */,
			);
			defaultConfigurationIsVisible = 0;
			defaultConfigurationName = Release;
		};
		EEB96D1D1CC8754800A7D803 /* Build configuration list for PBXNativeTarget "CWScanQRCode" */ = {
			isa = XCConfigurationList;
			buildConfigurations = (
				EEB96D1E1CC8754800A7D803 /* Debug */,
				EEB96D1F1CC8754800A7D803 /* Release */,
			);
			defaultConfigurationIsVisible = 0;
		};
/* End XCConfigurationList section */
	};
	rootObject = EEB96CFE1CC8754800A7D803 /* Project object */;
}
